
Microsoft Visual Studio Solution File, Format Version 12.00
# Visual Studio 14
VisualStudioVersion = 14.0.25420.1
MinimumVisualStudioVersion = 10.0.40219.1
Project("{FAE04EC0-301F-11D3-BF4B-00C04F79EFBC}") = "ProjectAlgorithm", "ProjectAlgorithm\ProjectAlgorithm.csproj", "{3D4DFC4F-6D69-4334-84A6-CDAF47D15660}"
EndProject
Project("{FAE04EC0-301F-11D3-BF4B-00C04F79EFBC}") = "FormsPL", "FormsPL\FormsPL.csproj", "{84104222-67F2-4A38-8528-50D4E73445F1}"
EndProject
Global
	GlobalSection(SolutionConfigurationPlatforms) = preSolution
		Debug|Any CPU = Debug|Any CPU
		Release|Any CPU = Release|Any CPU
	EndGlobalSection
	GlobalSection(ProjectConfigurationPlatforms) = postSolution
		{3D4DFC4F-6D69-4334-84A6-CDAF47D15660}.Debug|Any CPU.ActiveCfg = Debug|Any CPU
		{3D4DFC4F-6D69-4334-84A6-CDAF47D15660}.Debug|Any CPU.Build.0 = Debug|Any CPU
		{3D4DFC4F-6D69-4334-84A6-CDAF47D15660}.Release|Any CPU.ActiveCfg = Release|Any CPU
		{3D4DFC4F-6D69-4334-84A6-CDAF47D15660}.Release|Any CPU.Build.0 = Release|Any CPU
		{84104222-67F2-4A38-8528-50D4E73445F1}.Debug|Any CPU.ActiveCfg = Debug|Any CPU
		{84104222-67F2-4A38-8528-50D4E73445F1}.Debug|Any CPU.Build.0 = Debug|Any CPU
		{84104222-67F2-4A38-8528-50D4E73445F1}.Release|Any CPU.ActiveCfg = Release|Any CPU
		{84104222-67F2-4A38-8528-50D4E73445F1}.Release|Any CPU.Build.0 = Release|Any CPU
	EndGlobalSection
	GlobalSection(SolutionProperties) = preSolution
		HideSolutionNode = FALSE
	EndGlobalSection
EndGlobal
